# This file is autogenerated, do not edit; changes may be undone by the next 'dep ensure'.


[[projects]]
  branch = "master"
  name = "github.com/armon/go-socks5"
  packages = ["."]
  revision = "5ab49e6379c2e1ea5f402e29430ac01f39e60acc"
  source = "github.com/artyom/go-socks5"

[[projects]]
  name = "github.com/artyom/autoflags"
  packages = ["."]
  revision = "250b3e94f14844d446437ad18b81f34f1ba5e5cf"
  version = "v1.1.0"

[[projects]]
  branch = "master"
  name = "github.com/artyom/logger"
  packages = ["."]
  revision = "866fc605019a4b2cf0baa1bb05a356f6fb211904"

[[projects]]
  branch = "master"
  name = "github.com/artyom/ping"
  packages = ["."]
  revision = "e7d66403f7acdafa620af20e57398385ccdc6423"

[[projects]]
  name = "github.com/pkg/errors"
  packages = ["."]
  revision = "645ef00459ed84a119197bfb8d8205042c6df63d"
  version = "v0.8.0"

[[projects]]
  branch = "master"
  name = "github.com/xtaci/smux"
  packages = ["."]
  revision = "e28719eede1ac5714cf0b06ba2f403125864ebe0"

[[projects]]
  branch = "master"
  name = "golang.org/x/net"
  packages = [
    "bpf",
    "context",
    "icmp",
    "internal/iana",
    "internal/socket",
    "ipv4",
    "ipv6"
  ]
  revision = "5ccada7d0a7ba9aeb5d3aca8d3501b4c2a509fec"

[[projects]]
  branch = "master"
  name = "golang.org/x/sync"
  packages = ["errgroup"]
  revision = "fd80eb99c8f653c847d294a001bdf2a3a6f768f5"

[solve-meta]
  analyzer-name = "dep"
  analyzer-version = 1
  inputs-digest = "456e37669a38be2966419872840cb18de423362a4f7c773224d3a88da81b5d9b"
  solver-name = "gps-cdcl"
  solver-version = 1
