# This file is autogenerated, do not edit; changes may be undone by the next 'dep ensure'.


[[projects]]
  branch = "master"
  name = "github.com/armon/go-socks5"
  packages = ["."]
  revision = "5ab49e6379c2e1ea5f402e29430ac01f39e60acc"
  source = "github.com/artyom/go-socks5"

[[projects]]
  name = "github.com/artyom/autoflags"
  packages = ["."]
  revision = "250b3e94f14844d446437ad18b81f34f1ba5e5cf"
  version = "v1.1.0"

[[projects]]
  branch = "master"
  name = "github.com/artyom/logger"
  packages = ["."]
  revision = "866fc605019a4b2cf0baa1bb05a356f6fb211904"

[[projects]]
  name = "github.com/pkg/errors"
  packages = ["."]
  revision = "645ef00459ed84a119197bfb8d8205042c6df63d"
  version = "v0.8.0"

[[projects]]
  branch = "master"
  name = "github.com/xtaci/smux"
  packages = ["."]
  revision = "c898867f4f643b77c6b083c96c124ebf4f274ebb"

[solve-meta]
  analyzer-name = "dep"
  analyzer-version = 1
  inputs-digest = "2335f09fea2cffef2cf4dcf6404c5fc3364092dac6b2fe77bb5c12b595ff864a"
  solver-name = "gps-cdcl"
  solver-version = 1
